
Microsoft Visual Studio Solution File, Format Version 12.00
# Visual Studio Version 16
VisualStudioVersion = 16.0.31515.178
MinimumVisualStudioVersion = 10.0.40219.1
Project("{9A19103F-16F7-4668-BE54-9A1E7A4F7556}") = "TelegramBot", "TelegramBot\TelegramBot.csproj", "{01747819-8463-4CF6-9A14-904F5FAF2266}"
EndProject
Project("{9A19103F-16F7-4668-BE54-9A1E7A4F7556}") = "WorkTelegramBot", "TestTelegramBot\WorkTelegramBot.csproj", "{76217FDD-9B4A-449C-8754-58B435980C8D}"
EndProject
Project("{9A19103F-16F7-4668-BE54-9A1E7A4F7556}") = "ParseVkMemes", "ParseVkMemes\ParseVkMemes.csproj", "{398053CD-0299-4300-9555-E094E1B3FB41}"
EndProject
Project("{FAE04EC0-301F-11D3-BF4B-00C04F79EFBC}") = "ParseAneks", "ParseAneks\ParseAneks.csproj", "{59D83296-A81C-4888-9DAA-847E6146FF1E}"
EndProject
Global
	GlobalSection(SolutionConfigurationPlatforms) = preSolution
		Debug|Any CPU = Debug|Any CPU
		Release|Any CPU = Release|Any CPU
	EndGlobalSection
	GlobalSection(ProjectConfigurationPlatforms) = postSolution
		{01747819-8463-4CF6-9A14-904F5FAF2266}.Debug|Any CPU.ActiveCfg = Debug|Any CPU
		{01747819-8463-4CF6-9A14-904F5FAF2266}.Debug|Any CPU.Build.0 = Debug|Any CPU
		{01747819-8463-4CF6-9A14-904F5FAF2266}.Release|Any CPU.ActiveCfg = Release|Any CPU
		{01747819-8463-4CF6-9A14-904F5FAF2266}.Release|Any CPU.Build.0 = Release|Any CPU
		{76217FDD-9B4A-449C-8754-58B435980C8D}.Debug|Any CPU.ActiveCfg = Debug|Any CPU
		{76217FDD-9B4A-449C-8754-58B435980C8D}.Debug|Any CPU.Build.0 = Debug|Any CPU
		{76217FDD-9B4A-449C-8754-58B435980C8D}.Release|Any CPU.ActiveCfg = Release|Any CPU
		{76217FDD-9B4A-449C-8754-58B435980C8D}.Release|Any CPU.Build.0 = Release|Any CPU
		{398053CD-0299-4300-9555-E094E1B3FB41}.Debug|Any CPU.ActiveCfg = Debug|Any CPU
		{398053CD-0299-4300-9555-E094E1B3FB41}.Debug|Any CPU.Build.0 = Debug|Any CPU
		{398053CD-0299-4300-9555-E094E1B3FB41}.Release|Any CPU.ActiveCfg = Release|Any CPU
		{398053CD-0299-4300-9555-E094E1B3FB41}.Release|Any CPU.Build.0 = Release|Any CPU
		{59D83296-A81C-4888-9DAA-847E6146FF1E}.Debug|Any CPU.ActiveCfg = Debug|Any CPU
		{59D83296-A81C-4888-9DAA-847E6146FF1E}.Debug|Any CPU.Build.0 = Debug|Any CPU
		{59D83296-A81C-4888-9DAA-847E6146FF1E}.Release|Any CPU.ActiveCfg = Release|Any CPU
		{59D83296-A81C-4888-9DAA-847E6146FF1E}.Release|Any CPU.Build.0 = Release|Any CPU
	EndGlobalSection
	GlobalSection(SolutionProperties) = preSolution
		HideSolutionNode = FALSE
	EndGlobalSection
	GlobalSection(ExtensibilityGlobals) = postSolution
		SolutionGuid = {635B7690-D1D7-43FC-A81E-0B7797285F64}
	EndGlobalSection
EndGlobal
